{
  "name": "@open-starter-village/homepage",
  "version": "0.1.0",
  "lockfileVersion": 2,
  "requires": true,
  "packages": {
    "": {
      "name": "@open-starter-village/homepage",
      "version": "0.1.0",
      "license": "MIT",
      "engines": {
        "node": ">= 14"
      }
    },
    "client": {
      "extraneous": true
    }
  }
}
