# THIS IS AN AUTOGENERATED FILE. DO NOT EDIT THIS FILE DIRECTLY.
# yarn lockfile v1


"@types/google-apps-script@^1.0.36":
  version "1.0.36"
  resolved "https://registry.yarnpkg.com/@types/google-apps-script/-/google-apps-script-1.0.36.tgz#84cf77947841fada96d882905fd29115286d7d17"
  integrity sha512-D4NsG136aZfRu2HeS9YtKDyGussDNXVawobjdYNnr69N+xERcqzZNSl+SYv3Mwa6DWy4921UMofXl+SznSmfJw==
